
Microsoft Visual Studio Solution File, Format Version 12.00
Project("{FAE04EC0-301F-11D3-BF4B-00C04F79EFBC}") = "AvaloniaApplication2", "AvaloniaApplication2\AvaloniaApplication2.csproj", "{B834E6A7-5A65-43AD-8D6A-475D7B64C26F}"
EndProject
Global
	GlobalSection(SolutionConfigurationPlatforms) = preSolution
		Debug|Any CPU = Debug|Any CPU
		Release|Any CPU = Release|Any CPU
	EndGlobalSection
	GlobalSection(ProjectConfigurationPlatforms) = postSolution
		{B834E6A7-5A65-43AD-8D6A-475D7B64C26F}.Debug|Any CPU.ActiveCfg = Debug|Any CPU
		{B834E6A7-5A65-43AD-8D6A-475D7B64C26F}.Debug|Any CPU.Build.0 = Debug|Any CPU
		{B834E6A7-5A65-43AD-8D6A-475D7B64C26F}.Release|Any CPU.ActiveCfg = Release|Any CPU
		{B834E6A7-5A65-43AD-8D6A-475D7B64C26F}.Release|Any CPU.Build.0 = Release|Any CPU
	EndGlobalSection
EndGlobal
